<?xml version="1.0" encoding="utf-8"?>
<Project ToolsVersion="4.0" xmlns="http://schemas.microsoft.com/developer/msbuild/2003">
  <ItemGroup>
    <Filter Include="Source Files">
      <UniqueIdentifier>{4FC737F1-C7A5-4376-A066-2A32D752A2FF}</UniqueIdentifier>
      <Extensions>cpp;c;cc;cxx;def;odl;idl;hpj;bat;asm;asmx</Extensions>
    </Filter>
    <Filter Include="Header Files">
      <UniqueIdentifier>{93995380-89BD-4b04-88EB-625FBE52EBFB}</UniqueIdentifier>
      <Extensions>h;hh;hpp;hxx;hm;inl;inc;ipp;xsd</Extensions>
    </Filter>
    <Filter Include="Resource Files">
      <UniqueIdentifier>{67DA6AB6-F800-4c08-8B7A-83BB121AAD01}</UniqueIdentifier>
      <Extensions>rc;ico;cur;bmp;dlg;rc2;rct;bin;rgs;gif;jpg;jpeg;jpe;resx;tiff;tif;png;wav;mfcribbon-ms</Extensions>
    </Filter>
  </ItemGroup>
  <ItemGroup>
    <None Include="md-styles.css" />
    <None Include="README.md" />
    <None Include="discord_game_sdk.dll" />
    <None Include="avcodec-58.dll" />
    <None Include="avdevice-58.dll" />
    <None Include="avfilter-7.dll" />
    <None Include="avformat-58.dll" />
    <None Include="avutil-56.dll" />
    <None Include="postproc-55.dll" />
    <None Include="swresample-3.dll" />
    <None Include="swscale-5.dll" />
  </ItemGroup>
  <ItemGroup>
    <ClCompile Include="Source.cpp">
      <Filter>Source Files</Filter>
    </ClCompile>
    <ClCompile Include="discord\achievement_manager.cpp">
      <Filter>Source Files</Filter>
    </ClCompile>
    <ClCompile Include="discord\activity_manager.cpp">
      <Filter>Source Files</Filter>
    </ClCompile>
    <ClCompile Include="discord\application_manager.cpp">
      <Filter>Source Files</Filter>
    </ClCompile>
    <ClCompile Include="discord\core.cpp">
      <Filter>Source Files</Filter>
    </ClCompile>
    <ClCompile Include="discord\image_manager.cpp">
      <Filter>Source Files</Filter>
    </ClCompile>
    <ClCompile Include="discord\lobby_manager.cpp">
      <Filter>Source Files</Filter>
    </ClCompile>
    <ClCompile Include="discord\network_manager.cpp">
      <Filter>Source Files</Filter>
    </ClCompile>
    <ClCompile Include="discord\overlay_manager.cpp">
      <Filter>Source Files</Filter>
    </ClCompile>
    <ClCompile Include="discord\relationship_manager.cpp">
      <Filter>Source Files</Filter>
    </ClCompile>
    <ClCompile Include="discord\storage_manager.cpp">
      <Filter>Source Files</Filter>
    </ClCompile>
    <ClCompile Include="discord\store_manager.cpp">
      <Filter>Source Files</Filter>
    </ClCompile>
    <ClCompile Include="discord\types.cpp">
      <Filter>Source Files</Filter>
    </ClCompile>
    <ClCompile Include="discord\user_manager.cpp">
      <Filter>Source Files</Filter>
    </ClCompile>
    <ClCompile Include="discord\voice_manager.cpp">
      <Filter>Source Files</Filter>
    </ClCompile>
    <ClCompile Include="ffmpeg\Codecs\AudioCodec.cpp">
      <Filter>Source Files</Filter>
    </ClCompile>
    <ClCompile Include="ffmpeg\Codecs\Codec.cpp">
      <Filter>Source Files</Filter>
    </ClCompile>
    <ClCompile Include="ffmpeg\Codecs\H264NVEncCodec.cpp">
      <Filter>Source Files</Filter>
    </ClCompile>
    <ClCompile Include="ffmpeg\Codecs\H265NVEncCodec.cpp">
      <Filter>Source Files</Filter>
    </ClCompile>
    <ClCompile Include="ffmpeg\Codecs\JPGCodec.cpp">
      <Filter>Source Files</Filter>
    </ClCompile>
    <ClCompile Include="ffmpeg\Codecs\PNGCodec.cpp">
      <Filter>Source Files</Filter>
    </ClCompile>
    <ClCompile Include="ffmpeg\Codecs\VideoCodec.cpp">
      <Filter>Source Files</Filter>
    </ClCompile>
    <ClCompile Include="ffmpeg\Codecs\VP9Codec.cpp">
      <Filter>Source Files</Filter>
    </ClCompile>
    <ClCompile Include="ffmpeg\Demuxing\AudioInputStream.cpp">
      <Filter>Source Files</Filter>
    </ClCompile>
    <ClCompile Include="ffmpeg\Demuxing\InputStream.cpp">
      <Filter>Source Files</Filter>
    </ClCompile>
    <ClCompile Include="ffmpeg\Demuxing\StreamData.cpp">
      <Filter>Source Files</Filter>
    </ClCompile>
    <ClCompile Include="ffmpeg\Demuxing\VideoInputStream.cpp">
      <Filter>Source Files</Filter>
    </ClCompile>
    <ClCompile Include="ffmpeg\Frame Sinks\AudioEncoder.cpp">
      <Filter>Source Files</Filter>
    </ClCompile>
    <ClCompile Include="ffmpeg\Frame Sinks\AudioFilter.cpp">
      <Filter>Source Files</Filter>
    </ClCompile>
    <ClCompile Include="ffmpeg\Frame Sinks\Filter.cpp">
      <Filter>Source Files</Filter>
    </ClCompile>
    <ClCompile Include="ffmpeg\Frame Sinks\FrameSinkStream.cpp">
      <Filter>Source Files</Filter>
    </ClCompile>
    <ClCompile Include="ffmpeg\Frame Sinks\OneInputFrameSink.cpp">
      <Filter>Source Files</Filter>
    </ClCompile>
    <ClCompile Include="ffmpeg\Frame Sinks\VideoEncoder.cpp">
      <Filter>Source Files</Filter>
    </ClCompile>
    <ClCompile Include="ffmpeg\Frame Sinks\VideoFilterInput.cpp">
      <Filter>Source Files</Filter>
    </ClCompile>
    <ClCompile Include="ffmpeg\Muxing\AudioOutputStream.cpp">
      <Filter>Source Files</Filter>
    </ClCompile>
    <ClCompile Include="ffmpeg\Muxing\Muxer.cpp">
      <Filter>Source Files</Filter>
    </ClCompile>
    <ClCompile Include="ffmpeg\Muxing\OutputStream.cpp">
      <Filter>Source Files</Filter>
    </ClCompile>
    <ClCompile Include="ffmpeg\Muxing\VideoOutputStream.cpp">
      <Filter>Source Files</Filter>
    </ClCompile>
    <ClCompile Include="ffmpeg\Sources\Demuxer.cpp">
      <Filter>Source Files</Filter>
    </ClCompile>
    <ClCompile Include="ffmpeg\Sources\EncodedFileSource.cpp">
      <Filter>Source Files</Filter>
    </ClCompile>
    <ClCompile Include="ffmpeg\Sources\RawAudioDataSource.cpp">
      <Filter>Source Files</Filter>
    </ClCompile>
    <ClCompile Include="ffmpeg\Sources\RawAudioFileSource.cpp">
      <Filter>Source Files</Filter>
    </ClCompile>
    <ClCompile Include="ffmpeg\Sources\RawVideoDataSource.cpp">
      <Filter>Source Files</Filter>
    </ClCompile>
    <ClCompile Include="ffmpeg\Sources\RawVideoFileSource.cpp">
      <Filter>Source Files</Filter>
    </ClCompile>
    <ClCompile Include="ffmpeg\AudioFormatConverter.cpp">
      <Filter>Source Files</Filter>
    </ClCompile>
    <ClCompile Include="ffmpeg\CodecDeducer.cpp">
      <Filter>Source Files</Filter>
    </ClCompile>
    <ClCompile Include="ffmpeg\FFmpegException.cpp">
      <Filter>Source Files</Filter>
    </ClCompile>
    <ClCompile Include="ffmpeg\FrameContainer.cpp">
      <Filter>Source Files</Filter>
    </ClCompile>
    <ClCompile Include="ffmpeg\OpenCodec.cpp">
      <Filter>Source Files</Filter>
    </ClCompile>
    <ClCompile Include="ffmpeg\VideoFormatConverter.cpp">
      <Filter>Source Files</Filter>
    </ClCompile>
    <ClCompile Include="ffmpeg-source\libavutil\samplefmt.c">
      <Filter>Source Files</Filter>
    </ClCompile>
    <ClCompile Include="ffmpeg-source\libavcodec\ac3_parser.c">
      <Filter>Source Files</Filter>
    </ClCompile>
    <ClCompile Include="ffmpeg-source\libavcodec\adts_parser.c">
      <Filter>Source Files</Filter>
    </ClCompile>
    <ClCompile Include="ffmpeg-source\libavcodec\avcodec.c">
      <Filter>Source Files</Filter>
    </ClCompile>
    <ClCompile Include="ffmpeg-source\libavcodec\avdct.c">
      <Filter>Source Files</Filter>
    </ClCompile>
    <ClCompile Include="ffmpeg-source\libavcodec\avfft.c">
      <Filter>Source Files</Filter>
    </ClCompile>
    <ClCompile Include="ffmpeg-source\libavcodec\bsf.c">
      <Filter>Source Files</Filter>
    </ClCompile>
    <ClCompile Include="ffmpeg-source\libavcodec\codec_desc.c">
      <Filter>Source Files</Filter>
    </ClCompile>
    <ClCompile Include="ffmpeg-source\libavcodec\codec_par.c">
      <Filter>Source Files</Filter>
    </ClCompile>
    <ClCompile Include="ffmpeg-source\libavcodec\d3d11va.c">
      <Filter>Source Files</Filter>
    </ClCompile>
    <ClCompile Include="ffmpeg-source\libavcodec\dirac.c">
      <Filter>Source Files</Filter>
    </ClCompile>
    <ClCompile Include="ffmpeg-source\libavcodec\dv_profile.c">
      <Filter>Source Files</Filter>
    </ClCompile>
    <ClCompile Include="ffmpeg-source\libavcodec\dxva2.c">
      <Filter>Source Files</Filter>
    </ClCompile>
    <ClCompile Include="ffmpeg-source\libavcodec\jni.c">
      <Filter>Source Files</Filter>
    </ClCompile>
    <ClCompile Include="ffmpeg-source\libavcodec\mediacodec.c">
      <Filter>Source Files</Filter>
    </ClCompile>
    <ClCompile Include="ffmpeg-source\libavcodec\qsv.c">
      <Filter>Source Files</Filter>
    </ClCompile>
    <ClCompile Include="ffmpeg-source\libavcodec\vdpau.c">
      <Filter>Source Files</Filter>
    </ClCompile>
    <ClCompile Include="ffmpeg-source\libavcodec\videotoolbox.c">
      <Filter>Source Files</Filter>
    </ClCompile>
    <ClCompile Include="ffmpeg-source\libavcodec\vorbis_parser.c">
      <Filter>Source Files</Filter>
    </ClCompile>
    <ClCompile Include="ffmpeg-source\libavdevice\avdevice.c">
      <Filter>Source Files</Filter>
    </ClCompile>
    <ClCompile Include="ffmpeg-source\libavfilter\avfilter.c">
      <Filter>Source Files</Filter>
    </ClCompile>
    <ClCompile Include="ffmpeg-source\libavfilter\buffersink.c">
      <Filter>Source Files</Filter>
    </ClCompile>
    <ClCompile Include="ffmpeg-source\libavfilter\buffersrc.c">
      <Filter>Source Files</Filter>
    </ClCompile>
    <ClCompile Include="ffmpeg-source\libavformat\avio.c">
      <Filter>Source Files</Filter>
    </ClCompile>
    <ClCompile Include="ffmpeg-source\libavutil\adler32.c">
      <Filter>Source Files</Filter>
    </ClCompile>
    <ClCompile Include="ffmpeg-source\libavutil\aes.c">
      <Filter>Source Files</Filter>
    </ClCompile>
    <ClCompile Include="ffmpeg-source\libavutil\aes_ctr.c">
      <Filter>Source Files</Filter>
    </ClCompile>
    <ClCompile Include="ffmpeg-source\libavutil\audio_fifo.c">
      <Filter>Source Files</Filter>
    </ClCompile>
    <ClCompile Include="ffmpeg-source\libavutil\avstring.c">
      <Filter>Source Files</Filter>
    </ClCompile>
    <ClCompile Include="ffmpeg-source\libavutil\base64.c">
      <Filter>Source Files</Filter>
    </ClCompile>
    <ClCompile Include="ffmpeg-source\libavutil\blowfish.c">
      <Filter>Source Files</Filter>
    </ClCompile>
    <ClCompile Include="ffmpeg-source\libavutil\bprint.c">
      <Filter>Source Files</Filter>
    </ClCompile>
    <ClCompile Include="ffmpeg-source\libavutil\buffer.c">
      <Filter>Source Files</Filter>
    </ClCompile>
    <ClCompile Include="ffmpeg-source\libavutil\camellia.c">
      <Filter>Source Files</Filter>
    </ClCompile>
    <ClCompile Include="ffmpeg-source\libavutil\cast5.c">
      <Filter>Source Files</Filter>
    </ClCompile>
    <ClCompile Include="ffmpeg-source\libavutil\channel_layout.c">
      <Filter>Source Files</Filter>
    </ClCompile>
    <ClCompile Include="ffmpeg-source\libavutil\cpu.c">
      <Filter>Source Files</Filter>
    </ClCompile>
    <ClCompile Include="ffmpeg-source\libavutil\crc.c">
      <Filter>Source Files</Filter>
    </ClCompile>
    <ClCompile Include="ffmpeg-source\libavutil\des.c">
      <Filter>Source Files</Filter>
    </ClCompile>
    <ClCompile Include="ffmpeg-source\libavutil\dict.c">
      <Filter>Source Files</Filter>
    </ClCompile>
    <ClCompile Include="ffmpeg-source\libavutil\display.c">
      <Filter>Source Files</Filter>
    </ClCompile>
    <ClCompile Include="ffmpeg-source\libavutil\dovi_meta.c">
      <Filter>Source Files</Filter>
    </ClCompile>
    <ClCompile Include="ffmpeg-source\libavutil\downmix_info.c">
      <Filter>Source Files</Filter>
    </ClCompile>
    <ClCompile Include="ffmpeg-source\libavutil\encryption_info.c">
      <Filter>Source Files</Filter>
    </ClCompile>
    <ClCompile Include="ffmpeg-source\libavutil\error.c">
      <Filter>Source Files</Filter>
    </ClCompile>
    <ClCompile Include="ffmpeg-source\libavutil\eval.c">
      <Filter>Source Files</Filter>
    </ClCompile>
    <ClCompile Include="ffmpeg-source\libavutil\fifo.c">
      <Filter>Source Files</Filter>
    </ClCompile>
    <ClCompile Include="ffmpeg-source\libavutil\file.c">
      <Filter>Source Files</Filter>
    </ClCompile>
    <ClCompile Include="ffmpeg-source\libavutil\frame.c">
      <Filter>Source Files</Filter>
    </ClCompile>
    <ClCompile Include="ffmpeg-source\libavutil\hash.c">
      <Filter>Source Files</Filter>
    </ClCompile>
    <ClCompile Include="ffmpeg-source\libavutil\hdr_dynamic_metadata.c">
      <Filter>Source Files</Filter>
    </ClCompile>
    <ClCompile Include="ffmpeg-source\libavutil\hmac.c">
      <Filter>Source Files</Filter>
    </ClCompile>
    <ClCompile Include="ffmpeg-source\libavutil\hwcontext.c">
      <Filter>Source Files</Filter>
    </ClCompile>
    <ClCompile Include="ffmpeg-source\libavutil\hwcontext_cuda.c">
      <Filter>Source Files</Filter>
    </ClCompile>
    <ClCompile Include="ffmpeg-source\libavutil\hwcontext_d3d11va.c">
      <Filter>Source Files</Filter>
    </ClCompile>
    <ClCompile Include="ffmpeg-source\libavutil\hwcontext_drm.c">
      <Filter>Source Files</Filter>
    </ClCompile>
    <ClCompile Include="ffmpeg-source\libavutil\hwcontext_dxva2.c">
      <Filter>Source Files</Filter>
    </ClCompile>
    <ClCompile Include="ffmpeg-source\libavutil\hwcontext_mediacodec.c">
      <Filter>Source Files</Filter>
    </ClCompile>
    <ClCompile Include="ffmpeg-source\libavutil\hwcontext_opencl.c">
      <Filter>Source Files</Filter>
    </ClCompile>
    <ClCompile Include="ffmpeg-source\libavutil\hwcontext_qsv.c">
      <Filter>Source Files</Filter>
    </ClCompile>
    <ClCompile Include="ffmpeg-source\libavutil\hwcontext_vaapi.c">
      <Filter>Source Files</Filter>
    </ClCompile>
    <ClCompile Include="ffmpeg-source\libavutil\hwcontext_vdpau.c">
      <Filter>Source Files</Filter>
    </ClCompile>
    <ClCompile Include="ffmpeg-source\libavutil\hwcontext_videotoolbox.c">
      <Filter>Source Files</Filter>
    </ClCompile>
    <ClCompile Include="ffmpeg-source\libavutil\hwcontext_vulkan.c">
      <Filter>Source Files</Filter>
    </ClCompile>
    <ClCompile Include="ffmpeg-source\libavutil\imgutils.c">
      <Filter>Source Files</Filter>
    </ClCompile>
    <ClCompile Include="ffmpeg-source\libavutil\lfg.c">
      <Filter>Source Files</Filter>
    </ClCompile>
    <ClCompile Include="ffmpeg-source\libavutil\log.c">
      <Filter>Source Files</Filter>
    </ClCompile>
    <ClCompile Include="ffmpeg-source\libavutil\lzo.c">
      <Filter>Source Files</Filter>
    </ClCompile>
    <ClCompile Include="ffmpeg-source\libavutil\mastering_display_metadata.c">
      <Filter>Source Files</Filter>
    </ClCompile>
    <ClCompile Include="ffmpeg-source\libavutil\mathematics.c">
      <Filter>Source Files</Filter>
    </ClCompile>
    <ClCompile Include="ffmpeg-source\libavutil\md5.c">
      <Filter>Source Files</Filter>
    </ClCompile>
    <ClCompile Include="ffmpeg-source\libavutil\mem.c">
      <Filter>Source Files</Filter>
    </ClCompile>
    <ClCompile Include="ffmpeg-source\libavutil\murmur3.c">
      <Filter>Source Files</Filter>
    </ClCompile>
    <ClCompile Include="ffmpeg-source\libavutil\opt.c">
      <Filter>Source Files</Filter>
    </ClCompile>
    <ClCompile Include="ffmpeg-source\libavutil\parseutils.c">
      <Filter>Source Files</Filter>
    </ClCompile>
    <ClCompile Include="ffmpeg-source\libavutil\pixdesc.c">
      <Filter>Source Files</Filter>
    </ClCompile>
    <ClCompile Include="ffmpeg-source\libavutil\pixelutils.c">
      <Filter>Source Files</Filter>
    </ClCompile>
    <ClCompile Include="ffmpeg-source\libavutil\random_seed.c">
      <Filter>Source Files</Filter>
    </ClCompile>
    <ClCompile Include="ffmpeg-source\libavutil\rational.c">
      <Filter>Source Files</Filter>
    </ClCompile>
    <ClCompile Include="ffmpeg-source\libavutil\rc4.c">
      <Filter>Source Files</Filter>
    </ClCompile>
    <ClCompile Include="ffmpeg-source\libavutil\ripemd.c">
      <Filter>Source Files</Filter>
    </ClCompile>
    <ClCompile Include="ffmpeg-source\libavutil\sha.c">
      <Filter>Source Files</Filter>
    </ClCompile>
    <ClCompile Include="ffmpeg-source\libavutil\sha512.c">
      <Filter>Source Files</Filter>
    </ClCompile>
    <ClCompile Include="ffmpeg-source\libavutil\spherical.c">
      <Filter>Source Files</Filter>
    </ClCompile>
    <ClCompile Include="ffmpeg-source\libavutil\stereo3d.c">
      <Filter>Source Files</Filter>
    </ClCompile>
    <ClCompile Include="ffmpeg-source\libavutil\tea.c">
      <Filter>Source Files</Filter>
    </ClCompile>
    <ClCompile Include="ffmpeg-source\libavutil\threadmessage.c">
      <Filter>Source Files</Filter>
    </ClCompile>
    <ClCompile Include="ffmpeg-source\libavutil\time.c">
      <Filter>Source Files</Filter>
    </ClCompile>
    <ClCompile Include="ffmpeg-source\libavutil\timecode.c">
      <Filter>Source Files</Filter>
    </ClCompile>
    <ClCompile Include="ffmpeg-source\libavutil\tree.c">
      <Filter>Source Files</Filter>
    </ClCompile>
    <ClCompile Include="ffmpeg-source\libavutil\twofish.c">
      <Filter>Source Files</Filter>
    </ClCompile>
    <ClCompile Include="ffmpeg-source\libavutil\tx.c">
      <Filter>Source Files</Filter>
    </ClCompile>
    <ClCompile Include="ffmpeg-source\libavutil\video_enc_params.c">
      <Filter>Source Files</Filter>
    </ClCompile>
    <ClCompile Include="ffmpeg-source\libavutil\xtea.c">
      <Filter>Source Files</Filter>
    </ClCompile>
    <ClCompile Include="ffmpeg-source\libpostproc\postprocess.c">
      <Filter>Source Files</Filter>
    </ClCompile>
    <ClCompile Include="ffmpeg-source\libswresample\swresample.c">
      <Filter>Source Files</Filter>
    </ClCompile>
    <ClCompile Include="ffmpeg-source\libswscale\swscale.c">
      <Filter>Source Files</Filter>
    </ClCompile>
  </ItemGroup>
  <ItemGroup>
    <ClInclude Include="ui.h">
      <Filter>Header Files</Filter>
    </ClInclude>
    <ClInclude Include="resource.h">
      <Filter>Header Files</Filter>
    </ClInclude>
    <ClInclude Include="discord\achievement_manager.h">
      <Filter>Header Files</Filter>
    </ClInclude>
    <ClInclude Include="discord\activity_manager.h">
      <Filter>Header Files</Filter>
    </ClInclude>
    <ClInclude Include="discord\application_manager.h">
      <Filter>Header Files</Filter>
    </ClInclude>
    <ClInclude Include="discord\core.h">
      <Filter>Header Files</Filter>
    </ClInclude>
    <ClInclude Include="discord\discord.h">
      <Filter>Header Files</Filter>
    </ClInclude>
    <ClInclude Include="discord\event.h">
      <Filter>Header Files</Filter>
    </ClInclude>
    <ClInclude Include="discord\ffi.h">
      <Filter>Header Files</Filter>
    </ClInclude>
    <ClInclude Include="discord\image_manager.h">
      <Filter>Header Files</Filter>
    </ClInclude>
    <ClInclude Include="discord\lobby_manager.h">
      <Filter>Header Files</Filter>
    </ClInclude>
    <ClInclude Include="discord\network_manager.h">
      <Filter>Header Files</Filter>
    </ClInclude>
    <ClInclude Include="discord\overlay_manager.h">
      <Filter>Header Files</Filter>
    </ClInclude>
    <ClInclude Include="discord\relationship_manager.h">
      <Filter>Header Files</Filter>
    </ClInclude>
    <ClInclude Include="discord\storage_manager.h">
      <Filter>Header Files</Filter>
    </ClInclude>
    <ClInclude Include="discord\store_manager.h">
      <Filter>Header Files</Filter>
    </ClInclude>
    <ClInclude Include="discord\types.h">
      <Filter>Header Files</Filter>
    </ClInclude>
    <ClInclude Include="discord\user_manager.h">
      <Filter>Header Files</Filter>
    </ClInclude>
    <ClInclude Include="discord\voice_manager.h">
      <Filter>Header Files</Filter>
    </ClInclude>
    <ClInclude Include="ffmpeg\Codecs\AudioCodec.h">
      <Filter>Header Files</Filter>
    </ClInclude>
    <ClInclude Include="ffmpeg\Codecs\Codec.h">
      <Filter>Header Files</Filter>
    </ClInclude>
    <ClInclude Include="ffmpeg\Codecs\ffmpeg.h">
      <Filter>Header Files</Filter>
    </ClInclude>
    <ClInclude Include="ffmpeg\Codecs\H264NVEncCodec.h">
      <Filter>Header Files</Filter>
    </ClInclude>
    <ClInclude Include="ffmpeg\Codecs\H265NVEncCodec.h">
      <Filter>Header Files</Filter>
    </ClInclude>
    <ClInclude Include="ffmpeg\Codecs\JPGCodec.h">
      <Filter>Header Files</Filter>
    </ClInclude>
    <ClInclude Include="ffmpeg\Codecs\PNGCodec.h">
      <Filter>Header Files</Filter>
    </ClInclude>
    <ClInclude Include="ffmpeg\Codecs\VideoCodec.h">
      <Filter>Header Files</Filter>
    </ClInclude>
    <ClInclude Include="ffmpeg\Codecs\VP9Codec.h">
      <Filter>Header Files</Filter>
    </ClInclude>
    <ClInclude Include="ffmpeg\Demuxing\AudioInputStream.h">
      <Filter>Header Files</Filter>
    </ClInclude>
    <ClInclude Include="ffmpeg\Demuxing\ffmpeg.h">
      <Filter>Header Files</Filter>
    </ClInclude>
    <ClInclude Include="ffmpeg\Demuxing\InputStream.h">
      <Filter>Header Files</Filter>
    </ClInclude>
    <ClInclude Include="ffmpeg\Demuxing\StreamData.h">
      <Filter>Header Files</Filter>
    </ClInclude>
    <ClInclude Include="ffmpeg\Demuxing\VideoInputStream.h">
      <Filter>Header Files</Filter>
    </ClInclude>
    <ClInclude Include="ffmpeg\Frame Sinks\AudioEncoder.h">
      <Filter>Header Files</Filter>
    </ClInclude>
    <ClInclude Include="ffmpeg\Frame Sinks\AudioFilter.h">
      <Filter>Header Files</Filter>
    </ClInclude>
    <ClInclude Include="ffmpeg\Frame Sinks\AudioFrameSink.h">
      <Filter>Header Files</Filter>
    </ClInclude>
    <ClInclude Include="ffmpeg\Frame Sinks\ffmpeg.h">
      <Filter>Header Files</Filter>
    </ClInclude>
    <ClInclude Include="ffmpeg\Frame Sinks\Filter.h">
      <Filter>Header Files</Filter>
    </ClInclude>
    <ClInclude Include="ffmpeg\Frame Sinks\FrameSink.h">
      <Filter>Header Files</Filter>
    </ClInclude>
    <ClInclude Include="ffmpeg\Frame Sinks\FrameSinkStream.h">
      <Filter>Header Files</Filter>
    </ClInclude>
    <ClInclude Include="ffmpeg\Frame Sinks\FrameWriter.h">
      <Filter>Header Files</Filter>
    </ClInclude>
    <ClInclude Include="ffmpeg\Frame Sinks\OneInputFrameSink.h">
      <Filter>Header Files</Filter>
    </ClInclude>
    <ClInclude Include="ffmpeg\Frame Sinks\VideoEncoder.h">
      <Filter>Header Files</Filter>
    </ClInclude>
    <ClInclude Include="ffmpeg\Frame Sinks\VideoFilterInput.h">
      <Filter>Header Files</Filter>
    </ClInclude>
    <ClInclude Include="ffmpeg\Frame Sinks\VideoFrameSink.h">
      <Filter>Header Files</Filter>
    </ClInclude>
    <ClInclude Include="ffmpeg\Info\AudioStreamInfo.h">
      <Filter>Header Files</Filter>
    </ClInclude>
    <ClInclude Include="ffmpeg\Info\ContainerInfo.h">
      <Filter>Header Files</Filter>
    </ClInclude>
    <ClInclude Include="ffmpeg\Info\ffmpeg.h">
      <Filter>Header Files</Filter>
    </ClInclude>
    <ClInclude Include="ffmpeg\Info\VideoStreamInfo.h">
      <Filter>Header Files</Filter>
    </ClInclude>
    <ClInclude Include="ffmpeg\Muxing\AudioOutputStream.h">
      <Filter>Header Files</Filter>
    </ClInclude>
    <ClInclude Include="ffmpeg\Muxing\ffmpeg.h">
      <Filter>Header Files</Filter>
    </ClInclude>
    <ClInclude Include="ffmpeg\Muxing\Muxer.h">
      <Filter>Header Files</Filter>
    </ClInclude>
    <ClInclude Include="ffmpeg\Muxing\OutputStream.h">
      <Filter>Header Files</Filter>
    </ClInclude>
    <ClInclude Include="ffmpeg\Muxing\VideoOutputStream.h">
      <Filter>Header Files</Filter>
    </ClInclude>
    <ClInclude Include="ffmpeg\Sources\Demuxer.h">
      <Filter>Header Files</Filter>
    </ClInclude>
    <ClInclude Include="ffmpeg\Sources\EncodedFileSource.h">
      <Filter>Header Files</Filter>
    </ClInclude>
    <ClInclude Include="ffmpeg\Sources\ffmpeg.h">
      <Filter>Header Files</Filter>
    </ClInclude>
    <ClInclude Include="ffmpeg\Sources\InputSource.h">
      <Filter>Header Files</Filter>
    </ClInclude>
    <ClInclude Include="ffmpeg\Sources\RawAudioDataSource.h">
      <Filter>Header Files</Filter>
    </ClInclude>
    <ClInclude Include="ffmpeg\Sources\RawAudioFileSource.h">
      <Filter>Header Files</Filter>
    </ClInclude>
    <ClInclude Include="ffmpeg\Sources\RawVideoDataSource.h">
      <Filter>Header Files</Filter>
    </ClInclude>
    <ClInclude Include="ffmpeg\Sources\RawVideoFileSource.h">
      <Filter>Header Files</Filter>
    </ClInclude>
    <ClInclude Include="ffmpeg\AudioFormatConverter.h">
      <Filter>Header Files</Filter>
    </ClInclude>
    <ClInclude Include="ffmpeg\CodecDeducer.h">
      <Filter>Header Files</Filter>
    </ClInclude>
    <ClInclude Include="ffmpeg\ConvertedAudioProcessor.h">
      <Filter>Header Files</Filter>
    </ClInclude>
    <ClInclude Include="ffmpeg\ffmpeg.h">
      <Filter>Header Files</Filter>
    </ClInclude>
    <ClInclude Include="ffmpeg\ffmpegcpp.h">
      <Filter>Header Files</Filter>
    </ClInclude>
    <ClInclude Include="ffmpeg\FFmpegException.h">
      <Filter>Header Files</Filter>
    </ClInclude>
    <ClInclude Include="ffmpeg\FrameContainer.h">
      <Filter>Header Files</Filter>
    </ClInclude>
    <ClInclude Include="ffmpeg\OpenCodec.h">
      <Filter>Header Files</Filter>
    </ClInclude>
    <ClInclude Include="ffmpeg\std.h">
      <Filter>Header Files</Filter>
    </ClInclude>
    <ClInclude Include="ffmpeg\VideoFormatConverter.h">
      <Filter>Header Files</Filter>
    </ClInclude>
    <ClInclude Include="ffmpeg-source\config.h">
      <Filter>Header Files</Filter>
    </ClInclude>
    <ClInclude Include="ffmpeg-source\libavcodec\ac3_parser.h">
      <Filter>Header Files</Filter>
    </ClInclude>
    <ClInclude Include="ffmpeg-source\libavcodec\adts_parser.h">
      <Filter>Header Files</Filter>
    </ClInclude>
    <ClInclude Include="ffmpeg-source\libavcodec\avcodec.h">
      <Filter>Header Files</Filter>
    </ClInclude>
    <ClInclude Include="ffmpeg-source\libavcodec\avdct.h">
      <Filter>Header Files</Filter>
    </ClInclude>
    <ClInclude Include="ffmpeg-source\libavcodec\avfft.h">
      <Filter>Header Files</Filter>
    </ClInclude>
    <ClInclude Include="ffmpeg-source\libavcodec\bsf.h">
      <Filter>Header Files</Filter>
    </ClInclude>
    <ClInclude Include="ffmpeg-source\libavcodec\codec.h">
      <Filter>Header Files</Filter>
    </ClInclude>
    <ClInclude Include="ffmpeg-source\libavcodec\codec_desc.h">
      <Filter>Header Files</Filter>
    </ClInclude>
    <ClInclude Include="ffmpeg-source\libavcodec\codec_id.h">
      <Filter>Header Files</Filter>
    </ClInclude>
    <ClInclude Include="ffmpeg-source\libavcodec\codec_par.h">
      <Filter>Header Files</Filter>
    </ClInclude>
    <ClInclude Include="ffmpeg-source\libavcodec\d3d11va.h">
      <Filter>Header Files</Filter>
    </ClInclude>
    <ClInclude Include="ffmpeg-source\libavcodec\dirac.h">
      <Filter>Header Files</Filter>
    </ClInclude>
    <ClInclude Include="ffmpeg-source\libavcodec\dv_profile.h">
      <Filter>Header Files</Filter>
    </ClInclude>
    <ClInclude Include="ffmpeg-source\libavcodec\dxva2.h">
      <Filter>Header Files</Filter>
    </ClInclude>
    <ClInclude Include="ffmpeg-source\libavcodec\jni.h">
      <Filter>Header Files</Filter>
    </ClInclude>
    <ClInclude Include="ffmpeg-source\libavcodec\mediacodec.h">
      <Filter>Header Files</Filter>
    </ClInclude>
    <ClInclude Include="ffmpeg-source\libavcodec\packet.h">
      <Filter>Header Files</Filter>
    </ClInclude>
    <ClInclude Include="ffmpeg-source\libavcodec\qsv.h">
      <Filter>Header Files</Filter>
    </ClInclude>
    <ClInclude Include="ffmpeg-source\libavcodec\vaapi.h">
      <Filter>Header Files</Filter>
    </ClInclude>
    <ClInclude Include="ffmpeg-source\libavcodec\vdpau.h">
      <Filter>Header Files</Filter>
    </ClInclude>
    <ClInclude Include="ffmpeg-source\libavcodec\version.h">
      <Filter>Header Files</Filter>
    </ClInclude>
    <ClInclude Include="ffmpeg-source\libavcodec\videotoolbox.h">
      <Filter>Header Files</Filter>
    </ClInclude>
    <ClInclude Include="ffmpeg-source\libavcodec\vorbis_parser.h">
      <Filter>Header Files</Filter>
    </ClInclude>
    <ClInclude Include="ffmpeg-source\libavcodec\xvmc.h">
      <Filter>Header Files</Filter>
    </ClInclude>
    <ClInclude Include="ffmpeg-source\libavdevice\avdevice.h">
      <Filter>Header Files</Filter>
    </ClInclude>
    <ClInclude Include="ffmpeg-source\libavdevice\version.h">
      <Filter>Header Files</Filter>
    </ClInclude>
    <ClInclude Include="ffmpeg-source\libavfilter\avfilter.h">
      <Filter>Header Files</Filter>
    </ClInclude>
    <ClInclude Include="ffmpeg-source\libavfilter\buffersink.h">
      <Filter>Header Files</Filter>
    </ClInclude>
    <ClInclude Include="ffmpeg-source\libavfilter\buffersrc.h">
      <Filter>Header Files</Filter>
    </ClInclude>
    <ClInclude Include="ffmpeg-source\libavfilter\version.h">
      <Filter>Header Files</Filter>
    </ClInclude>
    <ClInclude Include="ffmpeg-source\libavformat\avformat.h">
      <Filter>Header Files</Filter>
    </ClInclude>
    <ClInclude Include="ffmpeg-source\libavformat\avio.h">
      <Filter>Header Files</Filter>
    </ClInclude>
    <ClInclude Include="ffmpeg-source\libavformat\version.h">
      <Filter>Header Files</Filter>
    </ClInclude>
    <ClInclude Include="ffmpeg-source\libavutil\adler32.h">
      <Filter>Header Files</Filter>
    </ClInclude>
    <ClInclude Include="ffmpeg-source\libavutil\aes.h">
      <Filter>Header Files</Filter>
    </ClInclude>
    <ClInclude Include="ffmpeg-source\libavutil\aes_ctr.h">
      <Filter>Header Files</Filter>
    </ClInclude>
    <ClInclude Include="ffmpeg-source\libavutil\attributes.h">
      <Filter>Header Files</Filter>
    </ClInclude>
    <ClInclude Include="ffmpeg-source\libavutil\audio_fifo.h">
      <Filter>Header Files</Filter>
    </ClInclude>
    <ClInclude Include="ffmpeg-source\libavutil\avassert.h">
      <Filter>Header Files</Filter>
    </ClInclude>
    <ClInclude Include="ffmpeg-source\libavutil\avconfig.h">
      <Filter>Header Files</Filter>
    </ClInclude>
    <ClInclude Include="ffmpeg-source\libavutil\avstring.h">
      <Filter>Header Files</Filter>
    </ClInclude>
    <ClInclude Include="ffmpeg-source\libavutil\avutil.h">
      <Filter>Header Files</Filter>
    </ClInclude>
    <ClInclude Include="ffmpeg-source\libavutil\base64.h">
      <Filter>Header Files</Filter>
    </ClInclude>
    <ClInclude Include="ffmpeg-source\libavutil\blowfish.h">
      <Filter>Header Files</Filter>
    </ClInclude>
    <ClInclude Include="ffmpeg-source\libavutil\bprint.h">
      <Filter>Header Files</Filter>
    </ClInclude>
    <ClInclude Include="ffmpeg-source\libavutil\bswap.h">
      <Filter>Header Files</Filter>
    </ClInclude>
    <ClInclude Include="ffmpeg-source\libavutil\buffer.h">
      <Filter>Header Files</Filter>
    </ClInclude>
    <ClInclude Include="ffmpeg-source\libavutil\camellia.h">
      <Filter>Header Files</Filter>
    </ClInclude>
    <ClInclude Include="ffmpeg-source\libavutil\cast5.h">
      <Filter>Header Files</Filter>
    </ClInclude>
    <ClInclude Include="ffmpeg-source\libavutil\channel_layout.h">
      <Filter>Header Files</Filter>
    </ClInclude>
    <ClInclude Include="ffmpeg-source\libavutil\common.h">
      <Filter>Header Files</Filter>
    </ClInclude>
    <ClInclude Include="ffmpeg-source\libavutil\cpu.h">
      <Filter>Header Files</Filter>
    </ClInclude>
    <ClInclude Include="ffmpeg-source\libavutil\crc.h">
      <Filter>Header Files</Filter>
    </ClInclude>
    <ClInclude Include="ffmpeg-source\libavutil\des.h">
      <Filter>Header Files</Filter>
    </ClInclude>
    <ClInclude Include="ffmpeg-source\libavutil\dict.h">
      <Filter>Header Files</Filter>
    </ClInclude>
    <ClInclude Include="ffmpeg-source\libavutil\display.h">
      <Filter>Header Files</Filter>
    </ClInclude>
    <ClInclude Include="ffmpeg-source\libavutil\dovi_meta.h">
      <Filter>Header Files</Filter>
    </ClInclude>
    <ClInclude Include="ffmpeg-source\libavutil\downmix_info.h">
      <Filter>Header Files</Filter>
    </ClInclude>
    <ClInclude Include="ffmpeg-source\libavutil\encryption_info.h">
      <Filter>Header Files</Filter>
    </ClInclude>
    <ClInclude Include="ffmpeg-source\libavutil\error.h">
      <Filter>Header Files</Filter>
    </ClInclude>
    <ClInclude Include="ffmpeg-source\libavutil\eval.h">
      <Filter>Header Files</Filter>
    </ClInclude>
    <ClInclude Include="ffmpeg-source\libavutil\ffversion.h">
      <Filter>Header Files</Filter>
    </ClInclude>
    <ClInclude Include="ffmpeg-source\libavutil\fifo.h">
      <Filter>Header Files</Filter>
    </ClInclude>
    <ClInclude Include="ffmpeg-source\libavutil\file.h">
      <Filter>Header Files</Filter>
    </ClInclude>
    <ClInclude Include="ffmpeg-source\libavutil\frame.h">
      <Filter>Header Files</Filter>
    </ClInclude>
    <ClInclude Include="ffmpeg-source\libavutil\hash.h">
      <Filter>Header Files</Filter>
    </ClInclude>
    <ClInclude Include="ffmpeg-source\libavutil\hdr_dynamic_metadata.h">
      <Filter>Header Files</Filter>
    </ClInclude>
    <ClInclude Include="ffmpeg-source\libavutil\hmac.h">
      <Filter>Header Files</Filter>
    </ClInclude>
    <ClInclude Include="ffmpeg-source\libavutil\hwcontext.h">
      <Filter>Header Files</Filter>
    </ClInclude>
    <ClInclude Include="ffmpeg-source\libavutil\hwcontext_cuda.h">
      <Filter>Header Files</Filter>
    </ClInclude>
    <ClInclude Include="ffmpeg-source\libavutil\hwcontext_d3d11va.h">
      <Filter>Header Files</Filter>
    </ClInclude>
    <ClInclude Include="ffmpeg-source\libavutil\hwcontext_drm.h">
      <Filter>Header Files</Filter>
    </ClInclude>
    <ClInclude Include="ffmpeg-source\libavutil\hwcontext_dxva2.h">
      <Filter>Header Files</Filter>
    </ClInclude>
    <ClInclude Include="ffmpeg-source\libavutil\hwcontext_mediacodec.h">
      <Filter>Header Files</Filter>
    </ClInclude>
    <ClInclude Include="ffmpeg-source\libavutil\hwcontext_opencl.h">
      <Filter>Header Files</Filter>
    </ClInclude>
    <ClInclude Include="ffmpeg-source\libavutil\hwcontext_qsv.h">
      <Filter>Header Files</Filter>
    </ClInclude>
    <ClInclude Include="ffmpeg-source\libavutil\hwcontext_vaapi.h">
      <Filter>Header Files</Filter>
    </ClInclude>
    <ClInclude Include="ffmpeg-source\libavutil\hwcontext_vdpau.h">
      <Filter>Header Files</Filter>
    </ClInclude>
    <ClInclude Include="ffmpeg-source\libavutil\hwcontext_videotoolbox.h">
      <Filter>Header Files</Filter>
    </ClInclude>
    <ClInclude Include="ffmpeg-source\libavutil\hwcontext_vulkan.h">
      <Filter>Header Files</Filter>
    </ClInclude>
    <ClInclude Include="ffmpeg-source\libavutil\imgutils.h">
      <Filter>Header Files</Filter>
    </ClInclude>
    <ClInclude Include="ffmpeg-source\libavutil\intfloat.h">
      <Filter>Header Files</Filter>
    </ClInclude>
    <ClInclude Include="ffmpeg-source\libavutil\intreadwrite.h">
      <Filter>Header Files</Filter>
    </ClInclude>
    <ClInclude Include="ffmpeg-source\libavutil\lfg.h">
      <Filter>Header Files</Filter>
    </ClInclude>
    <ClInclude Include="ffmpeg-source\libavutil\log.h">
      <Filter>Header Files</Filter>
    </ClInclude>
    <ClInclude Include="ffmpeg-source\libavutil\lzo.h">
      <Filter>Header Files</Filter>
    </ClInclude>
    <ClInclude Include="ffmpeg-source\libavutil\macros.h">
      <Filter>Header Files</Filter>
    </ClInclude>
    <ClInclude Include="ffmpeg-source\libavutil\mastering_display_metadata.h">
      <Filter>Header Files</Filter>
    </ClInclude>
    <ClInclude Include="ffmpeg-source\libavutil\mathematics.h">
      <Filter>Header Files</Filter>
    </ClInclude>
    <ClInclude Include="ffmpeg-source\libavutil\md5.h">
      <Filter>Header Files</Filter>
    </ClInclude>
    <ClInclude Include="ffmpeg-source\libavutil\mem.h">
      <Filter>Header Files</Filter>
    </ClInclude>
    <ClInclude Include="ffmpeg-source\libavutil\motion_vector.h">
      <Filter>Header Files</Filter>
    </ClInclude>
    <ClInclude Include="ffmpeg-source\libavutil\murmur3.h">
      <Filter>Header Files</Filter>
    </ClInclude>
    <ClInclude Include="ffmpeg-source\libavutil\opt.h">
      <Filter>Header Files</Filter>
    </ClInclude>
    <ClInclude Include="ffmpeg-source\libavutil\parseutils.h">
      <Filter>Header Files</Filter>
    </ClInclude>
    <ClInclude Include="ffmpeg-source\libavutil\pixdesc.h">
      <Filter>Header Files</Filter>
    </ClInclude>
    <ClInclude Include="ffmpeg-source\libavutil\pixelutils.h">
      <Filter>Header Files</Filter>
    </ClInclude>
    <ClInclude Include="ffmpeg-source\libavutil\pixfmt.h">
      <Filter>Header Files</Filter>
    </ClInclude>
    <ClInclude Include="ffmpeg-source\libavutil\random_seed.h">
      <Filter>Header Files</Filter>
    </ClInclude>
    <ClInclude Include="ffmpeg-source\libavutil\rational.h">
      <Filter>Header Files</Filter>
    </ClInclude>
    <ClInclude Include="ffmpeg-source\libavutil\rc4.h">
      <Filter>Header Files</Filter>
    </ClInclude>
    <ClInclude Include="ffmpeg-source\libavutil\replaygain.h">
      <Filter>Header Files</Filter>
    </ClInclude>
    <ClInclude Include="ffmpeg-source\libavutil\ripemd.h">
      <Filter>Header Files</Filter>
    </ClInclude>
    <ClInclude Include="ffmpeg-source\libavutil\samplefmt.h">
      <Filter>Header Files</Filter>
    </ClInclude>
    <ClInclude Include="ffmpeg-source\libavutil\sha.h">
      <Filter>Header Files</Filter>
    </ClInclude>
    <ClInclude Include="ffmpeg-source\libavutil\sha512.h">
      <Filter>Header Files</Filter>
    </ClInclude>
    <ClInclude Include="ffmpeg-source\libavutil\spherical.h">
      <Filter>Header Files</Filter>
    </ClInclude>
    <ClInclude Include="ffmpeg-source\libavutil\stereo3d.h">
      <Filter>Header Files</Filter>
    </ClInclude>
    <ClInclude Include="ffmpeg-source\libavutil\tea.h">
      <Filter>Header Files</Filter>
    </ClInclude>
    <ClInclude Include="ffmpeg-source\libavutil\threadmessage.h">
      <Filter>Header Files</Filter>
    </ClInclude>
    <ClInclude Include="ffmpeg-source\libavutil\time.h">
      <Filter>Header Files</Filter>
    </ClInclude>
    <ClInclude Include="ffmpeg-source\libavutil\timecode.h">
      <Filter>Header Files</Filter>
    </ClInclude>
    <ClInclude Include="ffmpeg-source\libavutil\timestamp.h">
      <Filter>Header Files</Filter>
    </ClInclude>
    <ClInclude Include="ffmpeg-source\libavutil\tree.h">
      <Filter>Header Files</Filter>
    </ClInclude>
    <ClInclude Include="ffmpeg-source\libavutil\twofish.h">
      <Filter>Header Files</Filter>
    </ClInclude>
    <ClInclude Include="ffmpeg-source\libavutil\tx.h">
      <Filter>Header Files</Filter>
    </ClInclude>
    <ClInclude Include="ffmpeg-source\libavutil\version.h">
      <Filter>Header Files</Filter>
    </ClInclude>
    <ClInclude Include="ffmpeg-source\libavutil\video_enc_params.h">
      <Filter>Header Files</Filter>
    </ClInclude>
    <ClInclude Include="ffmpeg-source\libavutil\xtea.h">
      <Filter>Header Files</Filter>
    </ClInclude>
    <ClInclude Include="ffmpeg-source\libpostproc\postprocess.h">
      <Filter>Header Files</Filter>
    </ClInclude>
    <ClInclude Include="ffmpeg-source\libpostproc\version.h">
      <Filter>Header Files</Filter>
    </ClInclude>
    <ClInclude Include="ffmpeg-source\libswresample\swresample.h">
      <Filter>Header Files</Filter>
    </ClInclude>
    <ClInclude Include="ffmpeg-source\libswresample\version.h">
      <Filter>Header Files</Filter>
    </ClInclude>
    <ClInclude Include="ffmpeg-source\libswscale\swscale.h">
      <Filter>Header Files</Filter>
    </ClInclude>
    <ClInclude Include="ffmpeg-source\libswscale\version.h">
      <Filter>Header Files</Filter>
    </ClInclude>
  </ItemGroup>
  <ItemGroup>
    <Library Include="discord_game_sdk.dll.lib" />
    <Library Include="avcodec.lib" />
    <Library Include="avdevice.lib" />
    <Library Include="avfilter.lib" />
    <Library Include="avformat.lib" />
    <Library Include="avutil.lib" />
    <Library Include="postproc.lib" />
    <Library Include="swresample.lib" />
    <Library Include="swscale.lib" />
  </ItemGroup>
</Project>